
Microsoft Visual Studio Solution File, Format Version 12.00
# Visual Studio Version 17
VisualStudioVersion = 17.14.36121.58 d17.14
MinimumVisualStudioVersion = 10.0.40219.1
Project("{FAE04EC0-301F-11D3-BF4B-00C04F79EFBC}") = "ClienteEscritorioSOAP", "ClienteEscritorioSOAP\ClienteEscritorioSOAP.csproj", "{F8D2325C-F4DC-49A0-ACE2-853FDBFE4AFA}"
EndProject
Global
	GlobalSection(SolutionConfigurationPlatforms) = preSolution
		Debug|Any CPU = Debug|Any CPU
		Release|Any CPU = Release|Any CPU
	EndGlobalSection
	GlobalSection(ProjectConfigurationPlatforms) = postSolution
		{F8D2325C-F4DC-49A0-ACE2-853FDBFE4AFA}.Debug|Any CPU.ActiveCfg = Debug|Any CPU
		{F8D2325C-F4DC-49A0-ACE2-853FDBFE4AFA}.Debug|Any CPU.Build.0 = Debug|Any CPU
		{F8D2325C-F4DC-49A0-ACE2-853FDBFE4AFA}.Release|Any CPU.ActiveCfg = Release|Any CPU
		{F8D2325C-F4DC-49A0-ACE2-853FDBFE4AFA}.Release|Any CPU.Build.0 = Release|Any CPU
	EndGlobalSection
	GlobalSection(SolutionProperties) = preSolution
		HideSolutionNode = FALSE
	EndGlobalSection
	GlobalSection(ExtensibilityGlobals) = postSolution
		SolutionGuid = {F0906432-A9A3-4176-8CD2-D159CCECA06A}
	EndGlobalSection
EndGlobal
